PODS:
  - Flutter (1.0.0)
  - printer_label (0.0.1):
    - Flutter

DEPENDENCIES:
  - Flutter (from `Flutter`)
  - printer_label (from `.symlinks/plugins/printer_label/ios`)

EXTERNAL SOURCES:
  Flutter:
    :path: Flutter
  printer_label:
    :path: ".symlinks/plugins/printer_label/ios"

SPEC CHECKSUMS:
  Flutter: cabc95a1d2626b1b06e7179b784ebcf0c0cde467
  printer_label: d2d58363b92f7bfdda693272dc64e4ee31ba72bb

PODFILE CHECKSUM: a57f30d18f102dd3ce366b1d62a55ecbef2158e5

COCOAPODS: 1.16.2
